
Microsoft Visual Studio Solution File, Format Version 12.00
# Visual Studio 15
VisualStudioVersion = 15.0.27428.2037
MinimumVisualStudioVersion = 10.0.40219.1
Project("{FAE04EC0-301F-11D3-BF4B-00C04F79EFBC}") = "Week5_Exercise8", "Week5_Exercise8\Week5_Exercise8.csproj", "{F33A55B4-1AEE-46E9-A2F9-F4EFD235E3E2}"
EndProject
Global
	GlobalSection(SolutionConfigurationPlatforms) = preSolution
		Debug|Any CPU = Debug|Any CPU
		Release|Any CPU = Release|Any CPU
	EndGlobalSection
	GlobalSection(ProjectConfigurationPlatforms) = postSolution
		{F33A55B4-1AEE-46E9-A2F9-F4EFD235E3E2}.Debug|Any CPU.ActiveCfg = Debug|Any CPU
		{F33A55B4-1AEE-46E9-A2F9-F4EFD235E3E2}.Debug|Any CPU.Build.0 = Debug|Any CPU
		{F33A55B4-1AEE-46E9-A2F9-F4EFD235E3E2}.Release|Any CPU.ActiveCfg = Release|Any CPU
		{F33A55B4-1AEE-46E9-A2F9-F4EFD235E3E2}.Release|Any CPU.Build.0 = Release|Any CPU
	EndGlobalSection
	GlobalSection(SolutionProperties) = preSolution
		HideSolutionNode = FALSE
	EndGlobalSection
	GlobalSection(ExtensibilityGlobals) = postSolution
		SolutionGuid = {0204C382-29C6-4A04-9C8F-57FA929EC021}
	EndGlobalSection
EndGlobal
